
Microsoft Visual Studio Solution File, Format Version 12.00
# Visual Studio Version 16
VisualStudioVersion = 16.0.30104.148
MinimumVisualStudioVersion = 10.0.40219.1
Project("{FAE04EC0-301F-11D3-BF4B-00C04F79EFBC}") = "Week4Homework", "Week4Homework\Week4Homework.csproj", "{FEB75C8A-0860-481C-9478-B074B3CA7DA5}"
EndProject
Global
	GlobalSection(SolutionConfigurationPlatforms) = preSolution
		Debug|Any CPU = Debug|Any CPU
		Release|Any CPU = Release|Any CPU
	EndGlobalSection
	GlobalSection(ProjectConfigurationPlatforms) = postSolution
		{FEB75C8A-0860-481C-9478-B074B3CA7DA5}.Debug|Any CPU.ActiveCfg = Debug|Any CPU
		{FEB75C8A-0860-481C-9478-B074B3CA7DA5}.Debug|Any CPU.Build.0 = Debug|Any CPU
		{FEB75C8A-0860-481C-9478-B074B3CA7DA5}.Release|Any CPU.ActiveCfg = Release|Any CPU
		{FEB75C8A-0860-481C-9478-B074B3CA7DA5}.Release|Any CPU.Build.0 = Release|Any CPU
	EndGlobalSection
	GlobalSection(SolutionProperties) = preSolution
		HideSolutionNode = FALSE
	EndGlobalSection
	GlobalSection(ExtensibilityGlobals) = postSolution
		SolutionGuid = {68899C96-3BB6-44B3-BC0E-2D84CD7FEF21}
	EndGlobalSection
EndGlobal
